{
  "name": "kreatives-feld",
  "version": "0.0.1",
  "lockfileVersion": 1,
  "requires": true,
  "dependencies": {
    "@petsinho/geneticjs": {
      "version": "2.1.1",
      "resolved": "https://registry.npmjs.org/@petsinho/geneticjs/-/geneticjs-2.1.1.tgz",
      "integrity": "sha512-/KqmaZQmE9XPPg+wCFTlX60Ug4/T+kRtJBWcH1vR6t82uSd43ILxxCBHOp8ea3oIN5Tz3f+xF/Ae4fO7hO635A==",
      "requires": {
        "lodash": "^4.17.11"
      }
    },
    "euclidean-distance": {
      "version": "1.0.0",
      "resolved": "https://registry.npmjs.org/euclidean-distance/-/euclidean-distance-1.0.0.tgz",
      "integrity": "sha1-cDvCE+l8HXMdebWZ6TeUG6lnCmg="
    },
    "js-combinatorics": {
      "version": "0.5.5",
      "resolved": "https://registry.npmjs.org/js-combinatorics/-/js-combinatorics-0.5.5.tgz",
      "integrity": "sha512-WglFY9EQvwndNhuJLxxyjnC16649lfZly/G3M3zgQMwcWlJDJ0Jn9niPWeYjnLXwWOEycYVxR2Tk98WLeFkrcw=="
    },
    "lodash": {
      "version": "4.17.15",
      "resolved": "https://registry.npmjs.org/lodash/-/lodash-4.17.15.tgz",
      "integrity": "sha512-8xOcRHvCjnocdS5cpwXQXVzmmh5e5+saE2QGoeQmbKmRS6J3VQppPOIt0MnmE+4xlZoumy0GPG0D0MVIQbNA1A=="
    }
  }
}
